
Microsoft Visual Studio Solution File, Format Version 12.00
# Visual Studio 15
VisualStudioVersion = 15.0.28307.1169
MinimumVisualStudioVersion = 10.0.40219.1
Project("{FAE04EC0-301F-11D3-BF4B-00C04F79EFBC}") = "ASPCore", "ASPCore\ASPCore.csproj", "{D2339EB5-65BE-4533-8419-4EDD64722F0B}"
EndProject
Global
	GlobalSection(SolutionConfigurationPlatforms) = preSolution
		Debug|Any CPU = Debug|Any CPU
		Release|Any CPU = Release|Any CPU
	EndGlobalSection
	GlobalSection(ProjectConfigurationPlatforms) = postSolution
		{D2339EB5-65BE-4533-8419-4EDD64722F0B}.Debug|Any CPU.ActiveCfg = Debug|Any CPU
		{D2339EB5-65BE-4533-8419-4EDD64722F0B}.Debug|Any CPU.Build.0 = Debug|Any CPU
		{D2339EB5-65BE-4533-8419-4EDD64722F0B}.Release|Any CPU.ActiveCfg = Release|Any CPU
		{D2339EB5-65BE-4533-8419-4EDD64722F0B}.Release|Any CPU.Build.0 = Release|Any CPU
	EndGlobalSection
	GlobalSection(SolutionProperties) = preSolution
		HideSolutionNode = FALSE
	EndGlobalSection
	GlobalSection(ExtensibilityGlobals) = postSolution
		SolutionGuid = {6CAC40E7-9897-4AB9-837E-FA63374D52AC}
	EndGlobalSection
EndGlobal
